<?xml version="1.0" encoding="UTF-8"?>
<CONFIG>
  <ProjectOptions>
    <Version Value="9"/>
    <General>
      <MainUnit Value="0"/>
      <Title Value="CTT-demo * Transistor tester and characteristic curve plotter"/>
      <UseXPManifest Value="True"/>
      <Icon Value="0"/>
    </General>
    <i18n>
      <EnableI18N Value="True"/>
    </i18n>
    <VersionInfo>
      <UseVersionInfo Value="True"/>
      <AutoIncrementBuild Value="True"/>
      <MinorVersionNr Value="1"/>
      <BuildNr Value="613"/>
      <StringTable FileDescription="Computer controlled Transistor Tester" LegalCopyright="(C)2010 Pozsár Zsolt" OriginalFilename="ctt.exe" ProductVersion="0.1.0.0"/>
    </VersionInfo>
    <BuildModes Count="1">
      <Item1 Name="default" Default="True"/>
    </BuildModes>
    <PublishOptions>
      <Version Value="2"/>
      <IgnoreBinaries Value="False"/>
      <IncludeFileFilter Value="*.(pas|pp|inc|lfm|lpr|lrs|lpi|lpk|sh|xml)"/>
      <ExcludeFileFilter Value="*.(bak|ppu|ppw|o|so);*~;backup"/>
    </PublishOptions>
    <RunParams>
      <local>
        <FormatVersion Value="1"/>
        <LaunchingApplication PathPlusParams="/usr/X11R6/bin/xterm -T 'Lazarus Run Output' -e $(LazarusDir)/tools/runwait.sh $(TargetCmdLine)"/>
      </local>
    </RunParams>
    <RequiredPackages Count="2">
      <Item1>
        <PackageName Value="FCL"/>
        <MinVersion Major="1" Valid="True"/>
      </Item1>
      <Item2>
        <PackageName Value="LCL"/>
      </Item2>
    </RequiredPackages>
    <Units Count="10">
      <Unit0>
        <Filename Value="ctt.lpr"/>
        <IsPartOfProject Value="True"/>
        <UnitName Value="cttdemo"/>
        <EditorIndex Value="1"/>
        <CursorPos Y="7"/>
        <UsageCount Value="106"/>
        <Loaded Value="True"/>
      </Unit0>
      <Unit1>
        <Filename Value="frmmain.pp"/>
        <IsPartOfProject Value="True"/>
        <ComponentName Value="Form1"/>
        <HasResources Value="True"/>
        <ResourceBaseClass Value="Form"/>
        <EditorIndex Value="4"/>
        <CursorPos Y="7"/>
        <UsageCount Value="106"/>
        <Loaded Value="True"/>
        <LoadedDesigner Value="True"/>
      </Unit1>
      <Unit2>
        <Filename Value="frmabout.pp"/>
        <IsPartOfProject Value="True"/>
        <ComponentName Value="Form2"/>
        <HasResources Value="True"/>
        <ResourceBaseClass Value="Form"/>
        <EditorIndex Value="6"/>
        <CursorPos Y="7"/>
        <UsageCount Value="105"/>
        <Loaded Value="True"/>
        <LoadedDesigner Value="True"/>
      </Unit2>
      <Unit3>
        <Filename Value="notes.txt"/>
        <IsPartOfProject Value="True"/>
        <IsVisibleTab Value="True"/>
        <CursorPos X="24" Y="16"/>
        <UsageCount Value="23"/>
        <Loaded Value="True"/>
        <DefaultSyntaxHighlighter Value="None"/>
      </Unit3>
      <Unit4>
        <Filename Value="commonproc.pp"/>
        <IsPartOfProject Value="True"/>
        <EditorIndex Value="2"/>
        <CursorPos X="2" Y="7"/>
        <UsageCount Value="103"/>
        <Loaded Value="True"/>
      </Unit4>
      <Unit5>
        <Filename Value="frmpref.pp"/>
        <IsPartOfProject Value="True"/>
        <ComponentName Value="Form4"/>
        <HasResources Value="True"/>
        <ResourceBaseClass Value="Form"/>
        <EditorIndex Value="5"/>
        <CursorPos Y="7"/>
        <UsageCount Value="101"/>
        <Loaded Value="True"/>
        <LoadedDesigner Value="True"/>
      </Unit5>
      <Unit6>
        <Filename Value="synapse/synaip.pas"/>
        <UsageCount Value="13"/>
      </Unit6>
      <Unit7>
        <Filename Value="demodata.pp"/>
        <IsPartOfProject Value="True"/>
        <EditorIndex Value="3"/>
        <CursorPos Y="7"/>
        <UsageCount Value="36"/>
        <Loaded Value="True"/>
      </Unit7>
      <Unit8>
        <Filename Value="synapse/ssfpc.pas"/>
        <EditorIndex Value="-1"/>
        <TopLine Value="488"/>
        <CursorPos X="6" Y="517"/>
        <UsageCount Value="9"/>
      </Unit8>
      <Unit9>
        <Filename Value="synapse/synsock.pas"/>
        <EditorIndex Value="-1"/>
        <TopLine Value="54"/>
        <CursorPos X="10" Y="68"/>
        <UsageCount Value="9"/>
      </Unit9>
    </Units>
    <JumpHistory Count="30" HistoryIndex="29">
      <Position1>
        <Filename Value="frmmain.pp"/>
        <Caret Line="456" TopLine="438"/>
      </Position1>
      <Position2>
        <Filename Value="frmmain.pp"/>
        <Caret Line="972" TopLine="953"/>
      </Position2>
      <Position3>
        <Filename Value="frmmain.pp"/>
        <Caret Line="1006" TopLine="987"/>
      </Position3>
      <Position4>
        <Filename Value="frmabout.pp"/>
      </Position4>
      <Position5>
        <Filename Value="frmmain.pp"/>
        <Caret Line="2" Column="2"/>
      </Position5>
      <Position6>
        <Filename Value="frmmain.pp"/>
        <Caret Line="215" TopLine="204"/>
      </Position6>
      <Position7>
        <Filename Value="frmmain.pp"/>
        <Caret Line="7"/>
      </Position7>
      <Position8>
        <Filename Value="frmpref.pp"/>
        <Caret Line="150" Column="5"/>
      </Position8>
      <Position9>
        <Filename Value="frmpref.pp"/>
        <Caret Line="83" Column="3" TopLine="72"/>
      </Position9>
      <Position10>
        <Filename Value="frmpref.pp"/>
        <Caret Line="133" Column="3" TopLine="122"/>
      </Position10>
      <Position11>
        <Filename Value="frmabout.pp"/>
        <Caret Line="61" Column="68" TopLine="39"/>
      </Position11>
      <Position12>
        <Filename Value="commonproc.pp"/>
        <Caret Line="7" TopLine="91"/>
      </Position12>
      <Position13>
        <Filename Value="commonproc.pp"/>
        <Caret Line="580" Column="6" TopLine="563"/>
      </Position13>
      <Position14>
        <Filename Value="commonproc.pp"/>
        <Caret Line="627" Column="21" TopLine="605"/>
      </Position14>
      <Position15>
        <Filename Value="commonproc.pp"/>
        <Caret Line="578" Column="3" TopLine="570"/>
      </Position15>
      <Position16>
        <Filename Value="commonproc.pp"/>
        <Caret Line="341" Column="3" TopLine="10"/>
      </Position16>
      <Position17>
        <Filename Value="commonproc.pp"/>
        <Caret Line="362" Column="9" TopLine="352"/>
      </Position17>
      <Position18>
        <Filename Value="commonproc.pp"/>
        <Caret Line="578" Column="3" TopLine="567"/>
      </Position18>
      <Position19>
        <Filename Value="commonproc.pp"/>
        <Caret Line="362" Column="9" TopLine="352"/>
      </Position19>
      <Position20>
        <Filename Value="commonproc.pp"/>
        <Caret Line="578" Column="9" TopLine="567"/>
      </Position20>
      <Position21>
        <Filename Value="commonproc.pp"/>
        <Caret Line="180" Column="5" TopLine="170"/>
      </Position21>
      <Position22>
        <Filename Value="commonproc.pp"/>
        <Caret Line="263" Column="3" TopLine="267"/>
      </Position22>
      <Position23>
        <Filename Value="commonproc.pp"/>
        <Caret Line="341" Column="9" TopLine="330"/>
      </Position23>
      <Position24>
        <Filename Value="commonproc.pp"/>
        <Caret Line="361" Column="19" TopLine="350"/>
      </Position24>
      <Position25>
        <Filename Value="commonproc.pp"/>
        <Caret Line="378" Column="16" TopLine="369"/>
      </Position25>
      <Position26>
        <Filename Value="frmmain.pp"/>
        <Caret Line="951" Column="63" TopLine="930"/>
      </Position26>
      <Position27>
        <Filename Value="frmmain.pp"/>
        <Caret Line="7" Column="2"/>
      </Position27>
      <Position28>
        <Filename Value="frmmain.pp"/>
        <Caret Line="477" Column="19" TopLine="469"/>
      </Position28>
      <Position29>
        <Filename Value="frmmain.pp"/>
        <Caret Line="747" Column="54"/>
      </Position29>
      <Position30>
        <Filename Value="commonproc.pp"/>
        <Caret Line="736" Column="15" TopLine="731"/>
      </Position30>
    </JumpHistory>
  </ProjectOptions>
  <CompilerOptions>
    <Version Value="11"/>
    <SearchPaths>
      <IncludeFiles Value="$(ProjOutDir)"/>
      <OtherUnitFiles Value="synapse;convert"/>
      <UnitOutputDirectory Value="/home/pozsarzs/Git/PROG_ctt-demo-sw/source/lib/i386-linux"/>
    </SearchPaths>
    <Parsing>
      <SyntaxOptions>
        <UseAnsiStrings Value="False"/>
      </SyntaxOptions>
    </Parsing>
    <Linking>
      <Debugging>
        <GenerateDebugInfo Value="False"/>
        <UseLineInfoUnit Value="False"/>
      </Debugging>
      <Options>
        <Win32>
          <GraphicApplication Value="True"/>
        </Win32>
      </Options>
    </Linking>
    <Other>
      <Verbosity>
        <ShowWarn Value="False"/>
        <ShowNotes Value="False"/>
        <ShowHints Value="False"/>
      </Verbosity>
      <WriteFPCLogo Value="False"/>
      <CreateMakefileOnBuild Value="True"/>
    </Other>
  </CompilerOptions>
  <Debugging>
    <Exceptions Count="3">
      <Item1>
        <Name Value="EAbort"/>
      </Item1>
      <Item2>
        <Name Value="ECodetoolError"/>
      </Item2>
      <Item3>
        <Name Value="EFOpenError"/>
      </Item3>
    </Exceptions>
  </Debugging>
</CONFIG>
